
Microsoft Visual Studio Solution File, Format Version 12.00
# Visual Studio 15
VisualStudioVersion = 15.0.27130.2003
MinimumVisualStudioVersion = 10.0.40219.1
Project("{FAE04EC0-301F-11D3-BF4B-00C04F79EFBC}") = "RestAPI.Test", "RestAPI.Test\RestAPI.Test.csproj", "{DF21E3F6-DFFE-4416-AD40-2E42B45B8CE5}"
EndProject
Project("{FAE04EC0-301F-11D3-BF4B-00C04F79EFBC}") = "RestApiSecurity", "RestApiSecurity\RestApiSecurity.csproj", "{D0EAC30A-D390-442E-83EB-B0F40D1AA57D}"
EndProject
Project("{FAE04EC0-301F-11D3-BF4B-00C04F79EFBC}") = "RestAPI", "RestAPI\RestAPI.csproj", "{388DB833-B28E-489E-8B2E-06AC403BAD16}"
EndProject
Global
	GlobalSection(SolutionConfigurationPlatforms) = preSolution
		Debug|Any CPU = Debug|Any CPU
		Release|Any CPU = Release|Any CPU
	EndGlobalSection
	GlobalSection(ProjectConfigurationPlatforms) = postSolution
		{DF21E3F6-DFFE-4416-AD40-2E42B45B8CE5}.Debug|Any CPU.ActiveCfg = Debug|Any CPU
		{DF21E3F6-DFFE-4416-AD40-2E42B45B8CE5}.Debug|Any CPU.Build.0 = Debug|Any CPU
		{DF21E3F6-DFFE-4416-AD40-2E42B45B8CE5}.Release|Any CPU.ActiveCfg = Release|Any CPU
		{DF21E3F6-DFFE-4416-AD40-2E42B45B8CE5}.Release|Any CPU.Build.0 = Release|Any CPU
		{D0EAC30A-D390-442E-83EB-B0F40D1AA57D}.Debug|Any CPU.ActiveCfg = Debug|Any CPU
		{D0EAC30A-D390-442E-83EB-B0F40D1AA57D}.Debug|Any CPU.Build.0 = Debug|Any CPU
		{D0EAC30A-D390-442E-83EB-B0F40D1AA57D}.Release|Any CPU.ActiveCfg = Release|Any CPU
		{D0EAC30A-D390-442E-83EB-B0F40D1AA57D}.Release|Any CPU.Build.0 = Release|Any CPU
		{388DB833-B28E-489E-8B2E-06AC403BAD16}.Debug|Any CPU.ActiveCfg = Debug|Any CPU
		{388DB833-B28E-489E-8B2E-06AC403BAD16}.Debug|Any CPU.Build.0 = Debug|Any CPU
		{388DB833-B28E-489E-8B2E-06AC403BAD16}.Release|Any CPU.ActiveCfg = Release|Any CPU
		{388DB833-B28E-489E-8B2E-06AC403BAD16}.Release|Any CPU.Build.0 = Release|Any CPU
	EndGlobalSection
	GlobalSection(SolutionProperties) = preSolution
		HideSolutionNode = FALSE
	EndGlobalSection
	GlobalSection(ExtensibilityGlobals) = postSolution
		SolutionGuid = {00EE797C-0D2B-49B3-B598-CD5D3940D620}
	EndGlobalSection
EndGlobal
